
Microsoft Visual Studio Solution File, Format Version 12.00
# Visual Studio 2012
Project("{2150E333-8FDC-42A3-9474-1A3956D46DE8}") = ".nuget", ".nuget", "{DA13E537-E5D1-4AD8-84C7-8D09BC725AEA}"
	ProjectSection(SolutionItems) = preProject
		.nuget\NuGet.Config = .nuget\NuGet.Config
		.nuget\NuGet.exe = .nuget\NuGet.exe
		.nuget\NuGet.targets = .nuget\NuGet.targets
	EndProjectSection
EndProject
Project("{FAE04EC0-301F-11D3-BF4B-00C04F79EFBC}") = "Listy.Web", "src\Listy.Web\Listy.Web.csproj", "{043ED720-74AE-41A1-B19D-3F13BAB9334A}"
EndProject
Project("{FAE04EC0-301F-11D3-BF4B-00C04F79EFBC}") = "Listy.Data", "src\Listy.Data\Listy.Data.csproj", "{D7185971-24E8-4E2F-B02A-C3EBD5E1F1DC}"
EndProject
Project("{FAE04EC0-301F-11D3-BF4B-00C04F79EFBC}") = "Listy.Core", "src\Listy.Core\Listy.Core.csproj", "{CAC3B287-206C-4C11-A1A0-98782DA913D5}"
EndProject
Global
	GlobalSection(SolutionConfigurationPlatforms) = preSolution
		Debug|Any CPU = Debug|Any CPU
		Release|Any CPU = Release|Any CPU
	EndGlobalSection
	GlobalSection(ProjectConfigurationPlatforms) = postSolution
		{043ED720-74AE-41A1-B19D-3F13BAB9334A}.Debug|Any CPU.ActiveCfg = Debug|Any CPU
		{043ED720-74AE-41A1-B19D-3F13BAB9334A}.Debug|Any CPU.Build.0 = Debug|Any CPU
		{043ED720-74AE-41A1-B19D-3F13BAB9334A}.Release|Any CPU.ActiveCfg = Release|Any CPU
		{043ED720-74AE-41A1-B19D-3F13BAB9334A}.Release|Any CPU.Build.0 = Release|Any CPU
		{D7185971-24E8-4E2F-B02A-C3EBD5E1F1DC}.Debug|Any CPU.ActiveCfg = Debug|Any CPU
		{D7185971-24E8-4E2F-B02A-C3EBD5E1F1DC}.Debug|Any CPU.Build.0 = Debug|Any CPU
		{D7185971-24E8-4E2F-B02A-C3EBD5E1F1DC}.Release|Any CPU.ActiveCfg = Release|Any CPU
		{D7185971-24E8-4E2F-B02A-C3EBD5E1F1DC}.Release|Any CPU.Build.0 = Release|Any CPU
		{CAC3B287-206C-4C11-A1A0-98782DA913D5}.Debug|Any CPU.ActiveCfg = Debug|Any CPU
		{CAC3B287-206C-4C11-A1A0-98782DA913D5}.Debug|Any CPU.Build.0 = Debug|Any CPU
		{CAC3B287-206C-4C11-A1A0-98782DA913D5}.Release|Any CPU.ActiveCfg = Release|Any CPU
		{CAC3B287-206C-4C11-A1A0-98782DA913D5}.Release|Any CPU.Build.0 = Release|Any CPU
	EndGlobalSection
	GlobalSection(SolutionProperties) = preSolution
		HideSolutionNode = FALSE
	EndGlobalSection
EndGlobal
